
Microsoft Visual Studio Solution File, Format Version 12.00
Project("{2150E333-8FDC-42A3-9474-1A3956D46DE8}") = "src", "src", "{164F4545-5837-428E-B919-EC57C2560D40}"
EndProject
Project("{2150E333-8FDC-42A3-9474-1A3956D46DE8}") = "tests", "tests", "{425A3E9A-0D2C-4B45-9875-42E8E06C5870}"
EndProject
Project("{F2A71F9B-5D33-465A-A702-920D77279786}") = "Arrangers", "tests\Arrangers\Arrangers.fsproj", "{7CE39F09-F1E7-497E-B5B5-4E13F7391A81}"
EndProject
Project("{F2A71F9B-5D33-465A-A702-920D77279786}") = "Bwf", "src\Bwf\Bwf.fsproj", "{449FC892-19F1-4FCE-B7BD-2FEACFA147F5}"
EndProject
Project("{F2A71F9B-5D33-465A-A702-920D77279786}") = "Bwf.UnitTests", "tests\Bwf.UnitTests\Bwf.UnitTests.fsproj", "{CDF033A3-3795-4A63-B4C6-5067124F7328}"
EndProject
Project("{F2A71F9B-5D33-465A-A702-920D77279786}") = "Bwf.Application", "src\Bwf.Application\Bwf.Application.fsproj", "{3E9DB84B-2A9E-4622-B0B1-D248B32ACE6C}"
EndProject
Project("{F2A71F9B-5D33-465A-A702-920D77279786}") = "Bwf.Api", "src\Bwf.Api\Bwf.Api.fsproj", "{5B998E20-E557-4FB3-A9F6-2058D30B10DC}"
EndProject
Global
	GlobalSection(SolutionConfigurationPlatforms) = preSolution
		Debug|Any CPU = Debug|Any CPU
		Release|Any CPU = Release|Any CPU
	EndGlobalSection
	GlobalSection(ProjectConfigurationPlatforms) = postSolution
		{7CE39F09-F1E7-497E-B5B5-4E13F7391A81}.Debug|Any CPU.ActiveCfg = Debug|Any CPU
		{7CE39F09-F1E7-497E-B5B5-4E13F7391A81}.Debug|Any CPU.Build.0 = Debug|Any CPU
		{7CE39F09-F1E7-497E-B5B5-4E13F7391A81}.Release|Any CPU.ActiveCfg = Release|Any CPU
		{7CE39F09-F1E7-497E-B5B5-4E13F7391A81}.Release|Any CPU.Build.0 = Release|Any CPU
		{449FC892-19F1-4FCE-B7BD-2FEACFA147F5}.Debug|Any CPU.ActiveCfg = Debug|Any CPU
		{449FC892-19F1-4FCE-B7BD-2FEACFA147F5}.Debug|Any CPU.Build.0 = Debug|Any CPU
		{449FC892-19F1-4FCE-B7BD-2FEACFA147F5}.Release|Any CPU.ActiveCfg = Release|Any CPU
		{449FC892-19F1-4FCE-B7BD-2FEACFA147F5}.Release|Any CPU.Build.0 = Release|Any CPU
		{CDF033A3-3795-4A63-B4C6-5067124F7328}.Debug|Any CPU.ActiveCfg = Debug|Any CPU
		{CDF033A3-3795-4A63-B4C6-5067124F7328}.Debug|Any CPU.Build.0 = Debug|Any CPU
		{CDF033A3-3795-4A63-B4C6-5067124F7328}.Release|Any CPU.ActiveCfg = Release|Any CPU
		{CDF033A3-3795-4A63-B4C6-5067124F7328}.Release|Any CPU.Build.0 = Release|Any CPU
		{3E9DB84B-2A9E-4622-B0B1-D248B32ACE6C}.Debug|Any CPU.ActiveCfg = Debug|Any CPU
		{3E9DB84B-2A9E-4622-B0B1-D248B32ACE6C}.Debug|Any CPU.Build.0 = Debug|Any CPU
		{3E9DB84B-2A9E-4622-B0B1-D248B32ACE6C}.Release|Any CPU.ActiveCfg = Release|Any CPU
		{3E9DB84B-2A9E-4622-B0B1-D248B32ACE6C}.Release|Any CPU.Build.0 = Release|Any CPU
		{5B998E20-E557-4FB3-A9F6-2058D30B10DC}.Debug|Any CPU.ActiveCfg = Debug|Any CPU
		{5B998E20-E557-4FB3-A9F6-2058D30B10DC}.Debug|Any CPU.Build.0 = Debug|Any CPU
		{5B998E20-E557-4FB3-A9F6-2058D30B10DC}.Release|Any CPU.ActiveCfg = Release|Any CPU
		{5B998E20-E557-4FB3-A9F6-2058D30B10DC}.Release|Any CPU.Build.0 = Release|Any CPU
	EndGlobalSection
	GlobalSection(NestedProjects) = preSolution
		{7CE39F09-F1E7-497E-B5B5-4E13F7391A81} = {425A3E9A-0D2C-4B45-9875-42E8E06C5870}
		{449FC892-19F1-4FCE-B7BD-2FEACFA147F5} = {164F4545-5837-428E-B919-EC57C2560D40}
		{3E9DB84B-2A9E-4622-B0B1-D248B32ACE6C} = {164F4545-5837-428E-B919-EC57C2560D40}
		{5B998E20-E557-4FB3-A9F6-2058D30B10DC} = {164F4545-5837-428E-B919-EC57C2560D40}
		{CDF033A3-3795-4A63-B4C6-5067124F7328} = {425A3E9A-0D2C-4B45-9875-42E8E06C5870}
	EndGlobalSection
EndGlobal
